// !$*UTF8*$!
{
	archiveVersion = 1;
	classes = {
	};
	objectVersion = 50;
	objects = {

/* Begin PBXBuildFile section */
		1B79C1ECA01E0A42CC31D831 /* Pods_FlixUITests.framework in Frameworks */ = {isa = PBXBuildFile; fileRef = 2867C510099F796997A81C8B /* Pods_FlixUITests.framework */; };
		4C0D035121ED5313004629EF /* AppDelegate.swift in Sources */ = {isa = PBXBuildFile; fileRef = 4C0D035021ED5313004629EF /* AppDelegate.swift */; };
		4C0D035321ED5313004629EF /* MoviesViewController.swift in Sources */ = {isa = PBXBuildFile; fileRef = 4C0D035221ED5313004629EF /* MoviesViewController.swift */; };
		4C0D035821ED5315004629EF /* Assets.xcassets in Resources */ = {isa = PBXBuildFile; fileRef = 4C0D035721ED5315004629EF /* Assets.xcassets */; };
		4C0D035B21ED5315004629EF /* LaunchScreen.storyboard in Resources */ = {isa = PBXBuildFile; fileRef = 4C0D035921ED5315004629EF /* LaunchScreen.storyboard */; };
		4C0D036621ED5315004629EF /* FlixTests.swift in Sources */ = {isa = PBXBuildFile; fileRef = 4C0D036521ED5315004629EF /* FlixTests.swift */; };
		4C0D037121ED5315004629EF /* FlixUITests.swift in Sources */ = {isa = PBXBuildFile; fileRef = 4C0D037021ED5315004629EF /* FlixUITests.swift */; };
		4C0D039321ED551C004629EF /* launch_image@2x.png in Resources */ = {isa = PBXBuildFile; fileRef = 4C0D037F21ED551C004629EF /* launch_image@2x.png */; };
		4C0D039421ED551C004629EF /* projector_tabbar_item@2x.png in Resources */ = {isa = PBXBuildFile; fileRef = 4C0D038021ED551C004629EF /* projector_tabbar_item@2x.png */; };
		4C0D039521ED551C004629EF /* projector_tabbar_item.png in Resources */ = {isa = PBXBuildFile; fileRef = 4C0D038121ED551C004629EF /* projector_tabbar_item.png */; };
		4C0D039621ED551C004629EF /* projector_tabbar_item@3x.png in Resources */ = {isa = PBXBuildFile; fileRef = 4C0D038221ED551C004629EF /* projector_tabbar_item@3x.png */; };
		4C0D039721ED551C004629EF /* launch_image@3x.png in Resources */ = {isa = PBXBuildFile; fileRef = 4C0D038321ED551C004629EF /* launch_image@3x.png */; };
		4C0D039821ED551C004629EF /* superhero_tabbar_item.png in Resources */ = {isa = PBXBuildFile; fileRef = 4C0D038421ED551C004629EF /* superhero_tabbar_item.png */; };
		4C0D039921ED551C004629EF /* ticket_tabbar_icon.png in Resources */ = {isa = PBXBuildFile; fileRef = 4C0D038521ED551C004629EF /* ticket_tabbar_icon.png */; };
		4C0D039A21ED551C004629EF /* reel_tabbar_icon@2x.png in Resources */ = {isa = PBXBuildFile; fileRef = 4C0D038621ED551C004629EF /* reel_tabbar_icon@2x.png */; };
		4C0D039B21ED551C004629EF /* now_playing_tabbar_item@3x.png in Resources */ = {isa = PBXBuildFile; fileRef = 4C0D038721ED551C004629EF /* now_playing_tabbar_item@3x.png */; };
		4C0D039C21ED551C004629EF /* reel_tabbar_icon.png in Resources */ = {isa = PBXBuildFile; fileRef = 4C0D038821ED551C004629EF /* reel_tabbar_icon.png */; };
		4C0D039D21ED551C004629EF /* now_playing_tabbar_item.png in Resources */ = {isa = PBXBuildFile; fileRef = 4C0D038921ED551C004629EF /* now_playing_tabbar_item.png */; };
		4C0D039E21ED551C004629EF /* launch_image.png in Resources */ = {isa = PBXBuildFile; fileRef = 4C0D038A21ED551C004629EF /* launch_image.png */; };
		4C0D039F21ED551C004629EF /* now_playing_tabbar_item@2x.png in Resources */ = {isa = PBXBuildFile; fileRef = 4C0D038B21ED551C004629EF /* now_playing_tabbar_item@2x.png */; };
		4C0D03A021ED551C004629EF /* reel_tabbar_icon@3x.png in Resources */ = {isa = PBXBuildFile; fileRef = 4C0D038C21ED551C004629EF /* reel_tabbar_icon@3x.png */; };
		4C0D03A121ED551C004629EF /* appicon@3x.png in Resources */ = {isa = PBXBuildFile; fileRef = 4C0D038D21ED551C004629EF /* appicon@3x.png */; };
		4C0D03A221ED551C004629EF /* superhero_tabbar_item@3x.png in Resources */ = {isa = PBXBuildFile; fileRef = 4C0D038E21ED551C004629EF /* superhero_tabbar_item@3x.png */; };
		4C0D03A321ED551C004629EF /* ticket_tabbar_icon@3x.png in Resources */ = {isa = PBXBuildFile; fileRef = 4C0D038F21ED551C004629EF /* ticket_tabbar_icon@3x.png */; };
		4C0D03A421ED551C004629EF /* ticket_tabbar_icon@2x.png in Resources */ = {isa = PBXBuildFile; fileRef = 4C0D039021ED551C004629EF /* ticket_tabbar_icon@2x.png */; };
		4C0D03A521ED551C004629EF /* superhero_tabbar_item@2x.png in Resources */ = {isa = PBXBuildFile; fileRef = 4C0D039121ED551C004629EF /* superhero_tabbar_item@2x.png */; };
		4C0D03A621ED551C004629EF /* appicon@2x.png in Resources */ = {isa = PBXBuildFile; fileRef = 4C0D039221ED551C004629EF /* appicon@2x.png */; };
		4C0D03A921ED5C58004629EF /* Movie.swift in Sources */ = {isa = PBXBuildFile; fileRef = 4C0D03A821ED5C58004629EF /* Movie.swift */; };
		4C148F0E21F0D32100C20642 /* MovieTableViewCell.swift in Sources */ = {isa = PBXBuildFile; fileRef = 4C148F0D21F0D32100C20642 /* MovieTableViewCell.swift */; };
		62D5D245FD6E3265FC879BC0 /* Pods_Flix.framework in Frameworks */ = {isa = PBXBuildFile; fileRef = F9CDF2C0BE2D88DFDFE5A140 /* Pods_Flix.framework */; };
		BDC6F282630F56B775F4EEA7 /* Pods_FlixTests.framework in Frameworks */ = {isa = PBXBuildFile; fileRef = 4CA1E131ECDAAE684C047258 /* Pods_FlixTests.framework */; };
/* End PBXBuildFile section */

/* Begin PBXContainerItemProxy section */
		4C0D036221ED5315004629EF /* PBXContainerItemProxy */ = {
			isa = PBXContainerItemProxy;
			containerPortal = 4C0D034521ED5313004629EF /* Project object */;
			proxyType = 1;
			remoteGlobalIDString = 4C0D034C21ED5313004629EF;
			remoteInfo = Flix;
		};
		4C0D036D21ED5315004629EF /* PBXContainerItemProxy */ = {
			isa = PBXContainerItemProxy;
			containerPortal = 4C0D034521ED5313004629EF /* Project object */;
			proxyType = 1;
			remoteGlobalIDString = 4C0D034C21ED5313004629EF;
			remoteInfo = Flix;
		};
/* End PBXContainerItemProxy section */

/* Begin PBXFileReference section */
		2867C510099F796997A81C8B /* Pods_FlixUITests.framework */ = {isa = PBXFileReference; explicitFileType = wrapper.framework; includeInIndex = 0; path = Pods_FlixUITests.framework; sourceTree = BUILT_PRODUCTS_DIR; };
		4C0D034D21ED5313004629EF /* Flix.app */ = {isa = PBXFileReference; explicitFileType = wrapper.application; includeInIndex = 0; path = Flix.app; sourceTree = BUILT_PRODUCTS_DIR; };
		4C0D035021ED5313004629EF /* AppDelegate.swift */ = {isa = PBXFileReference; lastKnownFileType = sourcecode.swift; path = AppDelegate.swift; sourceTree = "<group>"; };
		4C0D035221ED5313004629EF /* MoviesViewController.swift */ = {isa = PBXFileReference; lastKnownFileType = sourcecode.swift; path = MoviesViewController.swift; sourceTree = "<group>"; };
		4C0D035721ED5315004629EF /* Assets.xcassets */ = {isa = PBXFileReference; lastKnownFileType = folder.assetcatalog; path = Assets.xcassets; sourceTree = "<group>"; };
		4C0D035A21ED5315004629EF /* Base */ = {isa = PBXFileReference; lastKnownFileType = file.storyboard; name = Base; path = Base.lproj/LaunchScreen.storyboard; sourceTree = "<group>"; };
		4C0D035C21ED5315004629EF /* Info.plist */ = {isa = PBXFileReference; lastKnownFileType = text.plist.xml; path = Info.plist; sourceTree = "<group>"; };
		4C0D036121ED5315004629EF /* FlixTests.xctest */ = {isa = PBXFileReference; explicitFileType = wrapper.cfbundle; includeInIndex = 0; path = FlixTests.xctest; sourceTree = BUILT_PRODUCTS_DIR; };
		4C0D036521ED5315004629EF /* FlixTests.swift */ = {isa = PBXFileReference; lastKnownFileType = sourcecode.swift; path = FlixTests.swift; sourceTree = "<group>"; };
		4C0D036721ED5315004629EF /* Info.plist */ = {isa = PBXFileReference; lastKnownFileType = text.plist.xml; path = Info.plist; sourceTree = "<group>"; };
		4C0D036C21ED5315004629EF /* FlixUITests.xctest */ = {isa = PBXFileReference; explicitFileType = wrapper.cfbundle; includeInIndex = 0; path = FlixUITests.xctest; sourceTree = BUILT_PRODUCTS_DIR; };
		4C0D037021ED5315004629EF /* FlixUITests.swift */ = {isa = PBXFileReference; lastKnownFileType = sourcecode.swift; path = FlixUITests.swift; sourceTree = "<group>"; };
		4C0D037221ED5315004629EF /* Info.plist */ = {isa = PBXFileReference; lastKnownFileType = text.plist.xml; path = Info.plist; sourceTree = "<group>"; };
		4C0D037F21ED551C004629EF /* launch_image@2x.png */ = {isa = PBXFileReference; lastKnownFileType = image.png; path = "launch_image@2x.png"; sourceTree = "<group>"; };
		4C0D038021ED551C004629EF /* projector_tabbar_item@2x.png */ = {isa = PBXFileReference; lastKnownFileType = image.png; path = "projector_tabbar_item@2x.png"; sourceTree = "<group>"; };
		4C0D038121ED551C004629EF /* projector_tabbar_item.png */ = {isa = PBXFileReference; lastKnownFileType = image.png; path = projector_tabbar_item.png; sourceTree = "<group>"; };
		4C0D038221ED551C004629EF /* projector_tabbar_item@3x.png */ = {isa = PBXFileReference; lastKnownFileType = image.png; path = "projector_tabbar_item@3x.png"; sourceTree = "<group>"; };
		4C0D038321ED551C004629EF /* launch_image@3x.png */ = {isa = PBXFileReference; lastKnownFileType = image.png; path = "launch_image@3x.png"; sourceTree = "<group>"; };
		4C0D038421ED551C004629EF /* superhero_tabbar_item.png */ = {isa = PBXFileReference; lastKnownFileType = image.png; path = superhero_tabbar_item.png; sourceTree = "<group>"; };
		4C0D038521ED551C004629EF /* ticket_tabbar_icon.png */ = {isa = PBXFileReference; lastKnownFileType = image.png; path = ticket_tabbar_icon.png; sourceTree = "<group>"; };
		4C0D038621ED551C004629EF /* reel_tabbar_icon@2x.png */ = {isa = PBXFileReference; lastKnownFileType = image.png; path = "reel_tabbar_icon@2x.png"; sourceTree = "<group>"; };
		4C0D038721ED551C004629EF /* now_playing_tabbar_item@3x.png */ = {isa = PBXFileReference; lastKnownFileType = image.png; path = "now_playing_tabbar_item@3x.png"; sourceTree = "<group>"; };
		4C0D038821ED551C004629EF /* reel_tabbar_icon.png */ = {isa = PBXFileReference; lastKnownFileType = image.png; path = reel_tabbar_icon.png; sourceTree = "<group>"; };
		4C0D038921ED551C004629EF /* now_playing_tabbar_item.png */ = {isa = PBXFileReference; lastKnownFileType = image.png; path = now_playing_tabbar_item.png; sourceTree = "<group>"; };
		4C0D038A21ED551C004629EF /* launch_image.png */ = {isa = PBXFileReference; lastKnownFileType = image.png; path = launch_image.png; sourceTree = "<group>"; };
		4C0D038B21ED551C004629EF /* now_playing_tabbar_item@2x.png */ = {isa = PBXFileReference; lastKnownFileType = image.png; path = "now_playing_tabbar_item@2x.png"; sourceTree = "<group>"; };
		4C0D038C21ED551C004629EF /* reel_tabbar_icon@3x.png */ = {isa = PBXFileReference; lastKnownFileType = image.png; path = "reel_tabbar_icon@3x.png"; sourceTree = "<group>"; };
		4C0D038D21ED551C004629EF /* appicon@3x.png */ = {isa = PBXFileReference; lastKnownFileType = image.png; path = "appicon@3x.png"; sourceTree = "<group>"; };
		4C0D038E21ED551C004629EF /* superhero_tabbar_item@3x.png */ = {isa = PBXFileReference; lastKnownFileType = image.png; path = "superhero_tabbar_item@3x.png"; sourceTree = "<group>"; };
		4C0D038F21ED551C004629EF /* ticket_tabbar_icon@3x.png */ = {isa = PBXFileReference; lastKnownFileType = image.png; path = "ticket_tabbar_icon@3x.png"; sourceTree = "<group>"; };
		4C0D039021ED551C004629EF /* ticket_tabbar_icon@2x.png */ = {isa = PBXFileReference; lastKnownFileType = image.png; path = "ticket_tabbar_icon@2x.png"; sourceTree = "<group>"; };
		4C0D039121ED551C004629EF /* superhero_tabbar_item@2x.png */ = {isa = PBXFileReference; lastKnownFileType = image.png; path = "superhero_tabbar_item@2x.png"; sourceTree = "<group>"; };
		4C0D039221ED551C004629EF /* appicon@2x.png */ = {isa = PBXFileReference; lastKnownFileType = image.png; path = "appicon@2x.png"; sourceTree = "<group>"; };
		4C0D03A821ED5C58004629EF /* Movie.swift */ = {isa = PBXFileReference; lastKnownFileType = sourcecode.swift; path = Movie.swift; sourceTree = "<group>"; };
		4C148F0D21F0D32100C20642 /* MovieTableViewCell.swift */ = {isa = PBXFileReference; lastKnownFileType = sourcecode.swift; path = MovieTableViewCell.swift; sourceTree = "<group>"; };
		4CA1E131ECDAAE684C047258 /* Pods_FlixTests.framework */ = {isa = PBXFileReference; explicitFileType = wrapper.framework; includeInIndex = 0; path = Pods_FlixTests.framework; sourceTree = BUILT_PRODUCTS_DIR; };
		5E79A95BD68BFBC97EB28002 /* Pods-Flix.release.xcconfig */ = {isa = PBXFileReference; includeInIndex = 1; lastKnownFileType = text.xcconfig; name = "Pods-Flix.release.xcconfig"; path = "Pods/Target Support Files/Pods-Flix/Pods-Flix.release.xcconfig"; sourceTree = "<group>"; };
		7C9B1AB30ED4B93C4E1C52FC /* Pods-FlixUITests.debug.xcconfig */ = {isa = PBXFileReference; includeInIndex = 1; lastKnownFileType = text.xcconfig; name = "Pods-FlixUITests.debug.xcconfig"; path = "Pods/Target Support Files/Pods-FlixUITests/Pods-FlixUITests.debug.xcconfig"; sourceTree = "<group>"; };
		83ABB541FA0652D876C0D808 /* Pods-FlixTests.release.xcconfig */ = {isa = PBXFileReference; includeInIndex = 1; lastKnownFileType = text.xcconfig; name = "Pods-FlixTests.release.xcconfig"; path = "Pods/Target Support Files/Pods-FlixTests/Pods-FlixTests.release.xcconfig"; sourceTree = "<group>"; };
		9B6EEAC2B3968D99C9CE8896 /* Pods-Flix.debug.xcconfig */ = {isa = PBXFileReference; includeInIndex = 1; lastKnownFileType = text.xcconfig; name = "Pods-Flix.debug.xcconfig"; path = "Pods/Target Support Files/Pods-Flix/Pods-Flix.debug.xcconfig"; sourceTree = "<group>"; };
		ADF1776EF71E482E88A7F5DA /* Pods-FlixTests.debug.xcconfig */ = {isa = PBXFileReference; includeInIndex = 1; lastKnownFileType = text.xcconfig; name = "Pods-FlixTests.debug.xcconfig"; path = "Pods/Target Support Files/Pods-FlixTests/Pods-FlixTests.debug.xcconfig"; sourceTree = "<group>"; };
		AF53E0D4C8351839C8E4D2C4 /* Pods-FlixUITests.release.xcconfig */ = {isa = PBXFileReference; includeInIndex = 1; lastKnownFileType = text.xcconfig; name = "Pods-FlixUITests.release.xcconfig"; path = "Pods/Target Support Files/Pods-FlixUITests/Pods-FlixUITests.release.xcconfig"; sourceTree = "<group>"; };
		F9CDF2C0BE2D88DFDFE5A140 /* Pods_Flix.framework */ = {isa = PBXFileReference; explicitFileType = wrapper.framework; includeInIndex = 0; path = Pods_Flix.framework; sourceTree = BUILT_PRODUCTS_DIR; };
/* End PBXFileReference section */

/* Begin PBXFrameworksBuildPhase section */
		4C0D034A21ED5313004629EF /* Frameworks */ = {
			isa = PBXFrameworksBuildPhase;
			buildActionMask = 2147483647;
			files = (
				62D5D245FD6E3265FC879BC0 /* Pods_Flix.framework in Frameworks */,
			);
			runOnlyForDeploymentPostprocessing = 0;
		};
		4C0D035E21ED5315004629EF /* Frameworks */ = {
			isa = PBXFrameworksBuildPhase;
			buildActionMask = 2147483647;
			files = (
				BDC6F282630F56B775F4EEA7 /* Pods_FlixTests.framework in Frameworks */,
			);
			runOnlyForDeploymentPostprocessing = 0;
		};
		4C0D036921ED5315004629EF /* Frameworks */ = {
			isa = PBXFrameworksBuildPhase;
			buildActionMask = 2147483647;
			files = (
				1B79C1ECA01E0A42CC31D831 /* Pods_FlixUITests.framework in Frameworks */,
			);
			runOnlyForDeploymentPostprocessing = 0;
		};
/* End PBXFrameworksBuildPhase section */

/* Begin PBXGroup section */
		09AC80B42557421751A1DBB3 /* Frameworks */ = {
			isa = PBXGroup;
			children = (
				F9CDF2C0BE2D88DFDFE5A140 /* Pods_Flix.framework */,
				4CA1E131ECDAAE684C047258 /* Pods_FlixTests.framework */,
				2867C510099F796997A81C8B /* Pods_FlixUITests.framework */,
			);
			name = Frameworks;
			sourceTree = "<group>";
		};
		4C0D034421ED5313004629EF = {
			isa = PBXGroup;
			children = (
				4C0D034F21ED5313004629EF /* Flix */,
				4C0D036421ED5315004629EF /* FlixTests */,
				4C0D036F21ED5315004629EF /* FlixUITests */,
				4C0D037E21ED551C004629EF /* iOS_flix_assets */,
				4C0D034E21ED5313004629EF /* Products */,
				D44869793C583938B79F72C6 /* Pods */,
				09AC80B42557421751A1DBB3 /* Frameworks */,
			);
			sourceTree = "<group>";
		};
		4C0D034E21ED5313004629EF /* Products */ = {
			isa = PBXGroup;
			children = (
				4C0D034D21ED5313004629EF /* Flix.app */,
				4C0D036121ED5315004629EF /* FlixTests.xctest */,
				4C0D036C21ED5315004629EF /* FlixUITests.xctest */,
			);
			name = Products;
			sourceTree = "<group>";
		};
		4C0D034F21ED5313004629EF /* Flix */ = {
			isa = PBXGroup;
			children = (
				4C0D035021ED5313004629EF /* AppDelegate.swift */,
				4C0D03A721ED5C43004629EF /* Controllers */,
				4C0D03AA21ED5C67004629EF /* Models */,
				4C148F0C21F0D30400C20642 /* Views */,
				4C0D035921ED5315004629EF /* LaunchScreen.storyboard */,
				4C0D035721ED5315004629EF /* Assets.xcassets */,
				4C0D035C21ED5315004629EF /* Info.plist */,
			);
			path = Flix;
			sourceTree = "<group>";
		};
		4C0D036421ED5315004629EF /* FlixTests */ = {
			isa = PBXGroup;
			children = (
				4C0D036521ED5315004629EF /* FlixTests.swift */,
				4C0D036721ED5315004629EF /* Info.plist */,
			);
			path = FlixTests;
			sourceTree = "<group>";
		};
		4C0D036F21ED5315004629EF /* FlixUITests */ = {
			isa = PBXGroup;
			children = (
				4C0D037021ED5315004629EF /* FlixUITests.swift */,
				4C0D037221ED5315004629EF /* Info.plist */,
			);
			path = FlixUITests;
			sourceTree = "<group>";
		};
		4C0D037E21ED551C004629EF /* iOS_flix_assets */ = {
			isa = PBXGroup;
			children = (
				4C0D037F21ED551C004629EF /* launch_image@2x.png */,
				4C0D038021ED551C004629EF /* projector_tabbar_item@2x.png */,
				4C0D038121ED551C004629EF /* projector_tabbar_item.png */,
				4C0D038221ED551C004629EF /* projector_tabbar_item@3x.png */,
				4C0D038321ED551C004629EF /* launch_image@3x.png */,
				4C0D038421ED551C004629EF /* superhero_tabbar_item.png */,
				4C0D038521ED551C004629EF /* ticket_tabbar_icon.png */,
				4C0D038621ED551C004629EF /* reel_tabbar_icon@2x.png */,
				4C0D038721ED551C004629EF /* now_playing_tabbar_item@3x.png */,
				4C0D038821ED551C004629EF /* reel_tabbar_icon.png */,
				4C0D038921ED551C004629EF /* now_playing_tabbar_item.png */,
				4C0D038A21ED551C004629EF /* launch_image.png */,
				4C0D038B21ED551C004629EF /* now_playing_tabbar_item@2x.png */,
				4C0D038C21ED551C004629EF /* reel_tabbar_icon@3x.png */,
				4C0D038D21ED551C004629EF /* appicon@3x.png */,
				4C0D038E21ED551C004629EF /* superhero_tabbar_item@3x.png */,
				4C0D038F21ED551C004629EF /* ticket_tabbar_icon@3x.png */,
				4C0D039021ED551C004629EF /* ticket_tabbar_icon@2x.png */,
				4C0D039121ED551C004629EF /* superhero_tabbar_item@2x.png */,
				4C0D039221ED551C004629EF /* appicon@2x.png */,
			);
			path = iOS_flix_assets;
			sourceTree = "<group>";
		};
		4C0D03A721ED5C43004629EF /* Controllers */ = {
			isa = PBXGroup;
			children = (
				4C0D035221ED5313004629EF /* MoviesViewController.swift */,
			);
			path = Controllers;
			sourceTree = "<group>";
		};
		4C0D03AA21ED5C67004629EF /* Models */ = {
			isa = PBXGroup;
			children = (
				4C0D03A821ED5C58004629EF /* Movie.swift */,
			);
			path = Models;
			sourceTree = "<group>";
		};
		4C148F0C21F0D30400C20642 /* Views */ = {
			isa = PBXGroup;
			children = (
				4C148F0D21F0D32100C20642 /* MovieTableViewCell.swift */,
			);
			path = Views;
			sourceTree = "<group>";
		};
		D44869793C583938B79F72C6 /* Pods */ = {
			isa = PBXGroup;
			children = (
				9B6EEAC2B3968D99C9CE8896 /* Pods-Flix.debug.xcconfig */,
				5E79A95BD68BFBC97EB28002 /* Pods-Flix.release.xcconfig */,
				ADF1776EF71E482E88A7F5DA /* Pods-FlixTests.debug.xcconfig */,
				83ABB541FA0652D876C0D808 /* Pods-FlixTests.release.xcconfig */,
				7C9B1AB30ED4B93C4E1C52FC /* Pods-FlixUITests.debug.xcconfig */,
				AF53E0D4C8351839C8E4D2C4 /* Pods-FlixUITests.release.xcconfig */,
			);
			name = Pods;
			sourceTree = "<group>";
		};
/* End PBXGroup section */

/* Begin PBXNativeTarget section */
		4C0D034C21ED5313004629EF /* Flix */ = {
			isa = PBXNativeTarget;
			buildConfigurationList = 4C0D037521ED5315004629EF /* Build configuration list for PBXNativeTarget "Flix" */;
			buildPhases = (
				A5F4C84C26BEF852ACF88F5A /* [CP] Check Pods Manifest.lock */,
				4C0D034921ED5313004629EF /* Sources */,
				4C0D034A21ED5313004629EF /* Frameworks */,
				4C0D034B21ED5313004629EF /* Resources */,
				8BFABAF1457AFBA105200B1D /* [CP] Embed Pods Frameworks */,
			);
			buildRules = (
			);
			dependencies = (
			);
			name = Flix;
			productName = Flix;
			productReference = 4C0D034D21ED5313004629EF /* Flix.app */;
			productType = "com.apple.product-type.application";
		};
		4C0D036021ED5315004629EF /* FlixTests */ = {
			isa = PBXNativeTarget;
			buildConfigurationList = 4C0D037821ED5315004629EF /* Build configuration list for PBXNativeTarget "FlixTests" */;
			buildPhases = (
				88AEA1D7F2B953DAD015C6C2 /* [CP] Check Pods Manifest.lock */,
				4C0D035D21ED5315004629EF /* Sources */,
				4C0D035E21ED5315004629EF /* Frameworks */,
				4C0D035F21ED5315004629EF /* Resources */,
			);
			buildRules = (
			);
			dependencies = (
				4C0D036321ED5315004629EF /* PBXTargetDependency */,
			);
			name = FlixTests;
			productName = FlixTests;
			productReference = 4C0D036121ED5315004629EF /* FlixTests.xctest */;
			productType = "com.apple.product-type.bundle.unit-test";
		};
		4C0D036B21ED5315004629EF /* FlixUITests */ = {
			isa = PBXNativeTarget;
			buildConfigurationList = 4C0D037B21ED5315004629EF /* Build configuration list for PBXNativeTarget "FlixUITests" */;
			buildPhases = (
				47B51E9708062C4DEEA1C084 /* [CP] Check Pods Manifest.lock */,
				4C0D036821ED5315004629EF /* Sources */,
				4C0D036921ED5315004629EF /* Frameworks */,
				4C0D036A21ED5315004629EF /* Resources */,
			);
			buildRules = (
			);
			dependencies = (
				4C0D036E21ED5315004629EF /* PBXTargetDependency */,
			);
			name = FlixUITests;
			productName = FlixUITests;
			productReference = 4C0D036C21ED5315004629EF /* FlixUITests.xctest */;
			productType = "com.apple.product-type.bundle.ui-testing";
		};
/* End PBXNativeTarget section */

/* Begin PBXProject section */
		4C0D034521ED5313004629EF /* Project object */ = {
			isa = PBXProject;
			attributes = {
				LastSwiftUpdateCheck = 1010;
				LastUpgradeCheck = 1010;
				ORGANIZATIONNAME = "Will Tyler";
				TargetAttributes = {
					4C0D034C21ED5313004629EF = {
						CreatedOnToolsVersion = 10.1;
					};
					4C0D036021ED5315004629EF = {
						CreatedOnToolsVersion = 10.1;
						TestTargetID = 4C0D034C21ED5313004629EF;
					};
					4C0D036B21ED5315004629EF = {
						CreatedOnToolsVersion = 10.1;
						TestTargetID = 4C0D034C21ED5313004629EF;
					};
				};
			};
			buildConfigurationList = 4C0D034821ED5313004629EF /* Build configuration list for PBXProject "Flix" */;
			compatibilityVersion = "Xcode 9.3";
			developmentRegion = en;
			hasScannedForEncodings = 0;
			knownRegions = (
				en,
				Base,
			);
			mainGroup = 4C0D034421ED5313004629EF;
			productRefGroup = 4C0D034E21ED5313004629EF /* Products */;
			projectDirPath = "";
			projectRoot = "";
			targets = (
				4C0D034C21ED5313004629EF /* Flix */,
				4C0D036021ED5315004629EF /* FlixTests */,
				4C0D036B21ED5315004629EF /* FlixUITests */,
			);
		};
/* End PBXProject section */

/* Begin PBXResourcesBuildPhase section */
		4C0D034B21ED5313004629EF /* Resources */ = {
			isa = PBXResourcesBuildPhase;
			buildActionMask = 2147483647;
			files = (
				4C0D03A021ED551C004629EF /* reel_tabbar_icon@3x.png in Resources */,
				4C0D039321ED551C004629EF /* launch_image@2x.png in Resources */,
				4C0D03A321ED551C004629EF /* ticket_tabbar_icon@3x.png in Resources */,
				4C0D039D21ED551C004629EF /* now_playing_tabbar_item.png in Resources */,
				4C0D03A521ED551C004629EF /* superhero_tabbar_item@2x.png in Resources */,
				4C0D039A21ED551C004629EF /* reel_tabbar_icon@2x.png in Resources */,
				4C0D03A221ED551C004629EF /* superhero_tabbar_item@3x.png in Resources */,
				4C0D035B21ED5315004629EF /* LaunchScreen.storyboard in Resources */,
				4C0D039E21ED551C004629EF /* launch_image.png in Resources */,
				4C0D03A621ED551C004629EF /* appicon@2x.png in Resources */,
				4C0D039921ED551C004629EF /* ticket_tabbar_icon.png in Resources */,
				4C0D039B21ED551C004629EF /* now_playing_tabbar_item@3x.png in Resources */,
				4C0D039F21ED551C004629EF /* now_playing_tabbar_item@2x.png in Resources */,
				4C0D039821ED551C004629EF /* superhero_tabbar_item.png in Resources */,
				4C0D039C21ED551C004629EF /* reel_tabbar_icon.png in Resources */,
				4C0D039421ED551C004629EF /* projector_tabbar_item@2x.png in Resources */,
				4C0D039521ED551C004629EF /* projector_tabbar_item.png in Resources */,
				4C0D039721ED551C004629EF /* launch_image@3x.png in Resources */,
				4C0D035821ED5315004629EF /* Assets.xcassets in Resources */,
				4C0D03A421ED551C004629EF /* ticket_tabbar_icon@2x.png in Resources */,
				4C0D039621ED551C004629EF /* projector_tabbar_item@3x.png in Resources */,
				4C0D03A121ED551C004629EF /* appicon@3x.png in Resources */,
			);
			runOnlyForDeploymentPostprocessing = 0;
		};
		4C0D035F21ED5315004629EF /* Resources */ = {
			isa = PBXResourcesBuildPhase;
			buildActionMask = 2147483647;
			files = (
			);
			runOnlyForDeploymentPostprocessing = 0;
		};
		4C0D036A21ED5315004629EF /* Resources */ = {
			isa = PBXResourcesBuildPhase;
			buildActionMask = 2147483647;
			files = (
			);
			runOnlyForDeploymentPostprocessing = 0;
		};
/* End PBXResourcesBuildPhase section */

/* Begin PBXShellScriptBuildPhase section */
		47B51E9708062C4DEEA1C084 /* [CP] Check Pods Manifest.lock */ = {
			isa = PBXShellScriptBuildPhase;
			buildActionMask = 2147483647;
			files = (
			);
			inputFileListPaths = (
			);
			inputPaths = (
				"${PODS_PODFILE_DIR_PATH}/Podfile.lock",
				"${PODS_ROOT}/Manifest.lock",
			);
			name = "[CP] Check Pods Manifest.lock";
			outputFileListPaths = (
			);
			outputPaths = (
				"$(DERIVED_FILE_DIR)/Pods-FlixUITests-checkManifestLockResult.txt",
			);
			runOnlyForDeploymentPostprocessing = 0;
			shellPath = /bin/sh;
			shellScript = "diff \"${PODS_PODFILE_DIR_PATH}/Podfile.lock\" \"${PODS_ROOT}/Manifest.lock\" > /dev/null\nif [ $? != 0 ] ; then\n    # print error to STDERR\n    echo \"error: The sandbox is not in sync with the Podfile.lock. Run 'pod install' or update your CocoaPods installation.\" >&2\n    exit 1\nfi\n# This output is used by Xcode 'outputs' to avoid re-running this script phase.\necho \"SUCCESS\" > \"${SCRIPT_OUTPUT_FILE_0}\"\n";
			showEnvVarsInLog = 0;
		};
		88AEA1D7F2B953DAD015C6C2 /* [CP] Check Pods Manifest.lock */ = {
			isa = PBXShellScriptBuildPhase;
			buildActionMask = 2147483647;
			files = (
			);
			inputFileListPaths = (
			);
			inputPaths = (
				"${PODS_PODFILE_DIR_PATH}/Podfile.lock",
				"${PODS_ROOT}/Manifest.lock",
			);
			name = "[CP] Check Pods Manifest.lock";
			outputFileListPaths = (
			);
			outputPaths = (
				"$(DERIVED_FILE_DIR)/Pods-FlixTests-checkManifestLockResult.txt",
			);
			runOnlyForDeploymentPostprocessing = 0;
			shellPath = /bin/sh;
			shellScript = "diff \"${PODS_PODFILE_DIR_PATH}/Podfile.lock\" \"${PODS_ROOT}/Manifest.lock\" > /dev/null\nif [ $? != 0 ] ; then\n    # print error to STDERR\n    echo \"error: The sandbox is not in sync with the Podfile.lock. Run 'pod install' or update your CocoaPods installation.\" >&2\n    exit 1\nfi\n# This output is used by Xcode 'outputs' to avoid re-running this script phase.\necho \"SUCCESS\" > \"${SCRIPT_OUTPUT_FILE_0}\"\n";
			showEnvVarsInLog = 0;
		};
		8BFABAF1457AFBA105200B1D /* [CP] Embed Pods Frameworks */ = {
			isa = PBXShellScriptBuildPhase;
			buildActionMask = 2147483647;
			files = (
			);
			inputFileListPaths = (
			);
			inputPaths = (
				"${SRCROOT}/Pods/Target Support Files/Pods-Flix/Pods-Flix-frameworks.sh",
				"${BUILT_PRODUCTS_DIR}/Alamofire/Alamofire.framework",
				"${BUILT_PRODUCTS_DIR}/AlamofireImage/AlamofireImage.framework",
			);
			name = "[CP] Embed Pods Frameworks";
			outputFileListPaths = (
			);
			outputPaths = (
				"${TARGET_BUILD_DIR}/${FRAMEWORKS_FOLDER_PATH}/Alamofire.framework",
				"${TARGET_BUILD_DIR}/${FRAMEWORKS_FOLDER_PATH}/AlamofireImage.framework",
			);
			runOnlyForDeploymentPostprocessing = 0;
			shellPath = /bin/sh;
			shellScript = "\"${SRCROOT}/Pods/Target Support Files/Pods-Flix/Pods-Flix-frameworks.sh\"\n";
			showEnvVarsInLog = 0;
		};
		A5F4C84C26BEF852ACF88F5A /* [CP] Check Pods Manifest.lock */ = {
			isa = PBXShellScriptBuildPhase;
			buildActionMask = 2147483647;
			files = (
			);
			inputFileListPaths = (
			);
			inputPaths = (
				"${PODS_PODFILE_DIR_PATH}/Podfile.lock",
				"${PODS_ROOT}/Manifest.lock",
			);
			name = "[CP] Check Pods Manifest.lock";
			outputFileListPaths = (
			);
			outputPaths = (
				"$(DERIVED_FILE_DIR)/Pods-Flix-checkManifestLockResult.txt",
			);
			runOnlyForDeploymentPostprocessing = 0;
			shellPath = /bin/sh;
			shellScript = "diff \"${PODS_PODFILE_DIR_PATH}/Podfile.lock\" \"${PODS_ROOT}/Manifest.lock\" > /dev/null\nif [ $? != 0 ] ; then\n    # print error to STDERR\n    echo \"error: The sandbox is not in sync with the Podfile.lock. Run 'pod install' or update your CocoaPods installation.\" >&2\n    exit 1\nfi\n# This output is used by Xcode 'outputs' to avoid re-running this script phase.\necho \"SUCCESS\" > \"${SCRIPT_OUTPUT_FILE_0}\"\n";
			showEnvVarsInLog = 0;
		};
/* End PBXShellScriptBuildPhase section */

/* Begin PBXSourcesBuildPhase section */
		4C0D034921ED5313004629EF /* Sources */ = {
			isa = PBXSourcesBuildPhase;
			buildActionMask = 2147483647;
			files = (
				4C0D035321ED5313004629EF /* MoviesViewController.swift in Sources */,
				4C0D035121ED5313004629EF /* AppDelegate.swift in Sources */,
				4C148F0E21F0D32100C20642 /* MovieTableViewCell.swift in Sources */,
				4C0D03A921ED5C58004629EF /* Movie.swift in Sources */,
			);
			runOnlyForDeploymentPostprocessing = 0;
		};
		4C0D035D21ED5315004629EF /* Sources */ = {
			isa = PBXSourcesBuildPhase;
			buildActionMask = 2147483647;
			files = (
				4C0D036621ED5315004629EF /* FlixTests.swift in Sources */,
			);
			runOnlyForDeploymentPostprocessing = 0;
		};
		4C0D036821ED5315004629EF /* Sources */ = {
			isa = PBXSourcesBuildPhase;
			buildActionMask = 2147483647;
			files = (
				4C0D037121ED5315004629EF /* FlixUITests.swift in Sources */,
			);
			runOnlyForDeploymentPostprocessing = 0;
		};
/* End PBXSourcesBuildPhase section */

/* Begin PBXTargetDependency section */
		4C0D036321ED5315004629EF /* PBXTargetDependency */ = {
			isa = PBXTargetDependency;
			target = 4C0D034C21ED5313004629EF /* Flix */;
			targetProxy = 4C0D036221ED5315004629EF /* PBXContainerItemProxy */;
		};
		4C0D036E21ED5315004629EF /* PBXTargetDependency */ = {
			isa = PBXTargetDependency;
			target = 4C0D034C21ED5313004629EF /* Flix */;
			targetProxy = 4C0D036D21ED5315004629EF /* PBXContainerItemProxy */;
		};
/* End PBXTargetDependency section */

/* Begin PBXVariantGroup section */
		4C0D035921ED5315004629EF /* LaunchScreen.storyboard */ = {
			isa = PBXVariantGroup;
			children = (
				4C0D035A21ED5315004629EF /* Base */,
			);
			name = LaunchScreen.storyboard;
			sourceTree = "<group>";
		};
/* End PBXVariantGroup section */

/* Begin XCBuildConfiguration section */
		4C0D037321ED5315004629EF /* Debug */ = {
			isa = XCBuildConfiguration;
			buildSettings = {
				ALWAYS_SEARCH_USER_PATHS = NO;
				CLANG_ANALYZER_NONNULL = YES;
				CLANG_ANALYZER_NUMBER_OBJECT_CONVERSION = YES_AGGRESSIVE;
				CLANG_CXX_LANGUAGE_STANDARD = "gnu++14";
				CLANG_CXX_LIBRARY = "libc++";
				CLANG_ENABLE_MODULES = YES;
				CLANG_ENABLE_OBJC_ARC = YES;
				CLANG_ENABLE_OBJC_WEAK = YES;
				CLANG_WARN_BLOCK_CAPTURE_AUTORELEASING = YES;
				CLANG_WARN_BOOL_CONVERSION = YES;
				CLANG_WARN_COMMA = YES;
				CLANG_WARN_CONSTANT_CONVERSION = YES;
				CLANG_WARN_DEPRECATED_OBJC_IMPLEMENTATIONS = YES;
				CLANG_WARN_DIRECT_OBJC_ISA_USAGE = YES_ERROR;
				CLANG_WARN_DOCUMENTATION_COMMENTS = YES;
				CLANG_WARN_EMPTY_BODY = YES;
				CLANG_WARN_ENUM_CONVERSION = YES;
				CLANG_WARN_INFINITE_RECURSION = YES;
				CLANG_WARN_INT_CONVERSION = YES;
				CLANG_WARN_NON_LITERAL_NULL_CONVERSION = YES;
				CLANG_WARN_OBJC_IMPLICIT_RETAIN_SELF = YES;
				CLANG_WARN_OBJC_LITERAL_CONVERSION = YES;
				CLANG_WARN_OBJC_ROOT_CLASS = YES_ERROR;
				CLANG_WARN_RANGE_LOOP_ANALYSIS = YES;
				CLANG_WARN_STRICT_PROTOTYPES = YES;
				CLANG_WARN_SUSPICIOUS_MOVE = YES;
				CLANG_WARN_UNGUARDED_AVAILABILITY = YES_AGGRESSIVE;
				CLANG_WARN_UNREACHABLE_CODE = YES;
				CLANG_WARN__DUPLICATE_METHOD_MATCH = YES;
				CODE_SIGN_IDENTITY = "iPhone Developer";
				COPY_PHASE_STRIP = NO;
				DEBUG_INFORMATION_FORMAT = dwarf;
				ENABLE_STRICT_OBJC_MSGSEND = YES;
				ENABLE_TESTABILITY = YES;
				GCC_C_LANGUAGE_STANDARD = gnu11;
				GCC_DYNAMIC_NO_PIC = NO;
				GCC_NO_COMMON_BLOCKS = YES;
				GCC_OPTIMIZATION_LEVEL = 0;
				GCC_PREPROCESSOR_DEFINITIONS = (
					"DEBUG=1",
					"$(inherited)",
				);
				GCC_WARN_64_TO_32_BIT_CONVERSION = YES;
				GCC_WARN_ABOUT_RETURN_TYPE = YES_ERROR;
				GCC_WARN_UNDECLARED_SELECTOR = YES;
				GCC_WARN_UNINITIALIZED_AUTOS = YES_AGGRESSIVE;
				GCC_WARN_UNUSED_FUNCTION = YES;
				GCC_WARN_UNUSED_VARIABLE = YES;
				IPHONEOS_DEPLOYMENT_TARGET = 12.1;
				MTL_ENABLE_DEBUG_INFO = INCLUDE_SOURCE;
				MTL_FAST_MATH = YES;
				ONLY_ACTIVE_ARCH = YES;
				SDKROOT = iphoneos;
				SWIFT_ACTIVE_COMPILATION_CONDITIONS = DEBUG;
				SWIFT_OPTIMIZATION_LEVEL = "-Onone";
			};
			name = Debug;
		};
		4C0D037421ED5315004629EF /* Release */ = {
			isa = XCBuildConfiguration;
			buildSettings = {
				ALWAYS_SEARCH_USER_PATHS = NO;
				CLANG_ANALYZER_NONNULL = YES;
				CLANG_ANALYZER_NUMBER_OBJECT_CONVERSION = YES_AGGRESSIVE;
				CLANG_CXX_LANGUAGE_STANDARD = "gnu++14";
				CLANG_CXX_LIBRARY = "libc++";
				CLANG_ENABLE_MODULES = YES;
				CLANG_ENABLE_OBJC_ARC = YES;
				CLANG_ENABLE_OBJC_WEAK = YES;
				CLANG_WARN_BLOCK_CAPTURE_AUTORELEASING = YES;
				CLANG_WARN_BOOL_CONVERSION = YES;
				CLANG_WARN_COMMA = YES;
				CLANG_WARN_CONSTANT_CONVERSION = YES;
				CLANG_WARN_DEPRECATED_OBJC_IMPLEMENTATIONS = YES;
				CLANG_WARN_DIRECT_OBJC_ISA_USAGE = YES_ERROR;
				CLANG_WARN_DOCUMENTATION_COMMENTS = YES;
				CLANG_WARN_EMPTY_BODY = YES;
				CLANG_WARN_ENUM_CONVERSION = YES;
				CLANG_WARN_INFINITE_RECURSION = YES;
				CLANG_WARN_INT_CONVERSION = YES;
				CLANG_WARN_NON_LITERAL_NULL_CONVERSION = YES;
				CLANG_WARN_OBJC_IMPLICIT_RETAIN_SELF = YES;
				CLANG_WARN_OBJC_LITERAL_CONVERSION = YES;
				CLANG_WARN_OBJC_ROOT_CLASS = YES_ERROR;
				CLANG_WARN_RANGE_LOOP_ANALYSIS = YES;
				CLANG_WARN_STRICT_PROTOTYPES = YES;
				CLANG_WARN_SUSPICIOUS_MOVE = YES;
				CLANG_WARN_UNGUARDED_AVAILABILITY = YES_AGGRESSIVE;
				CLANG_WARN_UNREACHABLE_CODE = YES;
				CLANG_WARN__DUPLICATE_METHOD_MATCH = YES;
				CODE_SIGN_IDENTITY = "iPhone Developer";
				COPY_PHASE_STRIP = NO;
				DEBUG_INFORMATION_FORMAT = "dwarf-with-dsym";
				ENABLE_NS_ASSERTIONS = NO;
				ENABLE_STRICT_OBJC_MSGSEND = YES;
				GCC_C_LANGUAGE_STANDARD = gnu11;
				GCC_NO_COMMON_BLOCKS = YES;
				GCC_WARN_64_TO_32_BIT_CONVERSION = YES;
				GCC_WARN_ABOUT_RETURN_TYPE = YES_ERROR;
				GCC_WARN_UNDECLARED_SELECTOR = YES;
				GCC_WARN_UNINITIALIZED_AUTOS = YES_AGGRESSIVE;
				GCC_WARN_UNUSED_FUNCTION = YES;
				GCC_WARN_UNUSED_VARIABLE = YES;
				IPHONEOS_DEPLOYMENT_TARGET = 12.1;
				MTL_ENABLE_DEBUG_INFO = NO;
				MTL_FAST_MATH = YES;
				SDKROOT = iphoneos;
				SWIFT_COMPILATION_MODE = wholemodule;
				SWIFT_OPTIMIZATION_LEVEL = "-O";
				VALIDATE_PRODUCT = YES;
			};
			name = Release;
		};
		4C0D037621ED5315004629EF /* Debug */ = {
			isa = XCBuildConfiguration;
			baseConfigurationReference = 9B6EEAC2B3968D99C9CE8896 /* Pods-Flix.debug.xcconfig */;
			buildSettings = {
				ASSETCATALOG_COMPILER_APPICON_NAME = AppIcon;
				CODE_SIGN_STYLE = Automatic;
				DEVELOPMENT_TEAM = 83A9Z5EMT8;
				INFOPLIST_FILE = Flix/Info.plist;
				LD_RUNPATH_SEARCH_PATHS = (
					"$(inherited)",
					"@executable_path/Frameworks",
				);
				PRODUCT_BUNDLE_IDENTIFIER = willtyler.Flix;
				PRODUCT_NAME = "$(TARGET_NAME)";
				SWIFT_VERSION = 4.2;
				TARGETED_DEVICE_FAMILY = "1,2";
			};
			name = Debug;
		};
		4C0D037721ED5315004629EF /* Release */ = {
			isa = XCBuildConfiguration;
			baseConfigurationReference = 5E79A95BD68BFBC97EB28002 /* Pods-Flix.release.xcconfig */;
			buildSettings = {
				ASSETCATALOG_COMPILER_APPICON_NAME = AppIcon;
				CODE_SIGN_STYLE = Automatic;
				DEVELOPMENT_TEAM = 83A9Z5EMT8;
				INFOPLIST_FILE = Flix/Info.plist;
				LD_RUNPATH_SEARCH_PATHS = (
					"$(inherited)",
					"@executable_path/Frameworks",
				);
				PRODUCT_BUNDLE_IDENTIFIER = willtyler.Flix;
				PRODUCT_NAME = "$(TARGET_NAME)";
				SWIFT_VERSION = 4.2;
				TARGETED_DEVICE_FAMILY = "1,2";
			};
			name = Release;
		};
		4C0D037921ED5315004629EF /* Debug */ = {
			isa = XCBuildConfiguration;
			baseConfigurationReference = ADF1776EF71E482E88A7F5DA /* Pods-FlixTests.debug.xcconfig */;
			buildSettings = {
				ALWAYS_EMBED_SWIFT_STANDARD_LIBRARIES = YES;
				BUNDLE_LOADER = "$(TEST_HOST)";
				CODE_SIGN_STYLE = Automatic;
				DEVELOPMENT_TEAM = 83A9Z5EMT8;
				INFOPLIST_FILE = FlixTests/Info.plist;
				LD_RUNPATH_SEARCH_PATHS = (
					"$(inherited)",
					"@executable_path/Frameworks",
					"@loader_path/Frameworks",
				);
				PRODUCT_BUNDLE_IDENTIFIER = willtyler.FlixTests;
				PRODUCT_NAME = "$(TARGET_NAME)";
				SWIFT_VERSION = 4.2;
				TARGETED_DEVICE_FAMILY = "1,2";
				TEST_HOST = "$(BUILT_PRODUCTS_DIR)/Flix.app/Flix";
			};
			name = Debug;
		};
		4C0D037A21ED5315004629EF /* Release */ = {
			isa = XCBuildConfiguration;
			baseConfigurationReference = 83ABB541FA0652D876C0D808 /* Pods-FlixTests.release.xcconfig */;
			buildSettings = {
				ALWAYS_EMBED_SWIFT_STANDARD_LIBRARIES = YES;
				BUNDLE_LOADER = "$(TEST_HOST)";
				CODE_SIGN_STYLE = Automatic;
				DEVELOPMENT_TEAM = 83A9Z5EMT8;
				INFOPLIST_FILE = FlixTests/Info.plist;
				LD_RUNPATH_SEARCH_PATHS = (
					"$(inherited)",
					"@executable_path/Frameworks",
					"@loader_path/Frameworks",
				);
				PRODUCT_BUNDLE_IDENTIFIER = willtyler.FlixTests;
				PRODUCT_NAME = "$(TARGET_NAME)";
				SWIFT_VERSION = 4.2;
				TARGETED_DEVICE_FAMILY = "1,2";
				TEST_HOST = "$(BUILT_PRODUCTS_DIR)/Flix.app/Flix";
			};
			name = Release;
		};
		4C0D037C21ED5315004629EF /* Debug */ = {
			isa = XCBuildConfiguration;
			baseConfigurationReference = 7C9B1AB30ED4B93C4E1C52FC /* Pods-FlixUITests.debug.xcconfig */;
			buildSettings = {
				ALWAYS_EMBED_SWIFT_STANDARD_LIBRARIES = YES;
				CODE_SIGN_STYLE = Automatic;
				DEVELOPMENT_TEAM = 83A9Z5EMT8;
				INFOPLIST_FILE = FlixUITests/Info.plist;
				LD_RUNPATH_SEARCH_PATHS = (
					"$(inherited)",
					"@executable_path/Frameworks",
					"@loader_path/Frameworks",
				);
				PRODUCT_BUNDLE_IDENTIFIER = willtyler.FlixUITests;
				PRODUCT_NAME = "$(TARGET_NAME)";
				SWIFT_VERSION = 4.2;
				TARGETED_DEVICE_FAMILY = "1,2";
				TEST_TARGET_NAME = Flix;
			};
			name = Debug;
		};
		4C0D037D21ED5315004629EF /* Release */ = {
			isa = XCBuildConfiguration;
			baseConfigurationReference = AF53E0D4C8351839C8E4D2C4 /* Pods-FlixUITests.release.xcconfig */;
			buildSettings = {
				ALWAYS_EMBED_SWIFT_STANDARD_LIBRARIES = YES;
				CODE_SIGN_STYLE = Automatic;
				DEVELOPMENT_TEAM = 83A9Z5EMT8;
				INFOPLIST_FILE = FlixUITests/Info.plist;
				LD_RUNPATH_SEARCH_PATHS = (
					"$(inherited)",
					"@executable_path/Frameworks",
					"@loader_path/Frameworks",
				);
				PRODUCT_BUNDLE_IDENTIFIER = willtyler.FlixUITests;
				PRODUCT_NAME = "$(TARGET_NAME)";
				SWIFT_VERSION = 4.2;
				TARGETED_DEVICE_FAMILY = "1,2";
				TEST_TARGET_NAME = Flix;
			};
			name = Release;
		};
/* End XCBuildConfiguration section */

/* Begin XCConfigurationList section */
		4C0D034821ED5313004629EF /* Build configuration list for PBXProject "Flix" */ = {
			isa = XCConfigurationList;
			buildConfigurations = (
				4C0D037321ED5315004629EF /* Debug */,
				4C0D037421ED5315004629EF /* Release */,
			);
			defaultConfigurationIsVisible = 0;
			defaultConfigurationName = Release;
		};
		4C0D037521ED5315004629EF /* Build configuration list for PBXNativeTarget "Flix" */ = {
			isa = XCConfigurationList;
			buildConfigurations = (
				4C0D037621ED5315004629EF /* Debug */,
				4C0D037721ED5315004629EF /* Release */,
			);
			defaultConfigurationIsVisible = 0;
			defaultConfigurationName = Release;
		};
		4C0D037821ED5315004629EF /* Build configuration list for PBXNativeTarget "FlixTests" */ = {
			isa = XCConfigurationList;
			buildConfigurations = (
				4C0D037921ED5315004629EF /* Debug */,
				4C0D037A21ED5315004629EF /* Release */,
			);
			defaultConfigurationIsVisible = 0;
			defaultConfigurationName = Release;
		};
		4C0D037B21ED5315004629EF /* Build configuration list for PBXNativeTarget "FlixUITests" */ = {
			isa = XCConfigurationList;
			buildConfigurations = (
				4C0D037C21ED5315004629EF /* Debug */,
				4C0D037D21ED5315004629EF /* Release */,
			);
			defaultConfigurationIsVisible = 0;
			defaultConfigurationName = Release;
		};
/* End XCConfigurationList section */
	};
	rootObject = 4C0D034521ED5313004629EF /* Project object */;
}
